# THIS IS AN AUTOGENERATED FILE. DO NOT EDIT THIS FILE DIRECTLY.
# yarn lockfile v1


"@lvksh/logger@1.5.2":
  version "1.5.2"
  resolved "https://registry.yarnpkg.com/@lvksh/logger/-/logger-1.5.2.tgz#4bdf255edf008a4e746596f1e574b77807c629fb"
  integrity sha512-BpzPz2y0K4y/u8yeOIwYKrsRgRJmPsA7RLdllLJ8kMes7up8o/xKf+9LKHul4uvZYd4xR4YoK+3MYDGwEMTOBg==

"@prokopschield/argv@^0.1.0", "@prokopschield/argv@^0.1.0-2":
  version "0.1.2"
  resolved "https://registry.yarnpkg.com/@prokopschield/argv/-/argv-0.1.2.tgz#56aacb9f20b4cd008c3c69b84673ebe1b621f70e"
  integrity sha512-PyVANlpXmme+MtNc6fr9Fih0ns8W5gdLIvMrcZRSx2FKs5ZzfkACynRTtHLftgo4/he8Tlny3kEF6VKZ+Qke/w==

"@prokopschield/filefind@^0.1.0-2":
  version "0.1.0-2"
  resolved "https://registry.yarnpkg.com/@prokopschield/filefind/-/filefind-0.1.0-2.tgz#d82531e658731dc79afc7bb6b426b4b06380ad2a"
  integrity sha512-hMTS2nWL5qgP0oF7LWiaazJr7y2papJCbKJ+VUE3O+5kO3MhxQed8xQemEA7o4Bjrh7o6vmVoMRSudNUnyGo+Q==
  dependencies:
    "@prokopschield/argv" "^0.1.0"
    ps-std "^0.1.5"

"@types/component-emitter@^1.2.10":
  version "1.2.11"
  resolved "https://registry.yarnpkg.com/@types/component-emitter/-/component-emitter-1.2.11.tgz#50d47d42b347253817a39709fef03ce66a108506"
  integrity sha512-SRXjM+tfsSlA9VuG8hGO2nft2p8zjXCK1VcC6N4NXbBbYbSia9kzCChYQajIjzIqOOOuh5Ock6MmV2oux4jDZQ==

"@types/node@>=16":
  version "18.7.16"
  resolved "https://registry.yarnpkg.com/@types/node/-/node-18.7.16.tgz#0eb3cce1e37c79619943d2fd903919fc30850601"
  integrity sha512-EQHhixfu+mkqHMZl1R2Ovuvn47PUw18azMJOTwSZr9/fhzHNGXAJ0ma0dayRVchprpCj0Kc1K1xKoWaATWF1qg==

backo2@~1.0.2:
  version "1.0.2"
  resolved "https://registry.yarnpkg.com/backo2/-/backo2-1.0.2.tgz#31ab1ac8b129363463e35b3ebb69f4dfcfba7947"
  integrity sha512-zj6Z6M7Eq+PBZ7PQxl5NT665MvJdAkzp0f60nAJ+sLaSCBPMwVak5ZegFbgVCzFcCJTKFoMizvM5Ld7+JrRJHA==

base64-arraybuffer@0.1.4:
  version "0.1.4"
  resolved "https://registry.yarnpkg.com/base64-arraybuffer/-/base64-arraybuffer-0.1.4.tgz#9818c79e059b1355f97e0428a017c838e90ba812"
  integrity sha512-a1eIFi4R9ySrbiMuyTGx5e92uRH5tQY6kArNcFaKBUleIoLjdjBg7Zxm3Mqm3Kmkf27HLR/1fnxX9q8GQ7Iavg==

blakets@^0.1.12:
  version "0.1.12"
  resolved "https://registry.yarnpkg.com/blakets/-/blakets-0.1.12.tgz#0f6745dd1694ca73332a0dd83288f45caf06c776"
  integrity sha512-ReOnLTDRlbExlTXbJZoA2xkvhzauJ7ldpvhKnb1cUNw8gdAHWHWOWG8XMjwpxQmmEZCDAR7VZiM5BYTUSOLVrw==
  dependencies:
    "@prokopschield/argv" "^0.1.0-2"

component-emitter@~1.3.0:
  version "1.3.0"
  resolved "https://registry.yarnpkg.com/component-emitter/-/component-emitter-1.3.0.tgz#16e4070fba8ae29b679f2215853ee181ab2eabc0"
  integrity sha512-Rd3se6QB+sO1TwqZjscQrurpEPIfO0/yYnSin6Q/rD3mOutHvUrCAhJub3r90uNb+SESBuE0QYoB90YdfatsRg==

debug@~4.3.1:
  version "4.3.4"
  resolved "https://registry.yarnpkg.com/debug/-/debug-4.3.4.tgz#1319f6579357f2338d3337d2cdd4914bb5dcc865"
  integrity sha512-PRWFHuSU3eDtQJPvnNY7Jcket1j0t5OuOsFzPPzsekD52Zl8qUfFIPEiswXqIvHWGVHOgX+7G/vCNNhehwxfkQ==
  dependencies:
    ms "2.1.2"

doge-config@^0.3.20:
  version "0.3.20"
  resolved "https://registry.yarnpkg.com/doge-config/-/doge-config-0.3.20.tgz#430770a454c81740ebaa2d226be480d87246e240"
  integrity sha512-2JrUCL8HTGS7KYpYkPx6kvrhAhrC/+OQCss5kPMi17hCVfb4OnSLEdyIwaEAbRUoIZ0d4lIfFUYuk2PLoRaSuw==
  dependencies:
    doge-json "^1.2.8"

doge-json@^1.2.8:
  version "1.2.8"
  resolved "https://registry.yarnpkg.com/doge-json/-/doge-json-1.2.8.tgz#e4c5f51143721d64a1169441be8539680d6439d6"
  integrity sha512-C5BpA66G4XLi0EiUq2ZUIeX3MKoD2ceFxMcjyUlxONiCtMW6sm5O+UDpnJ5gkOBWvNngT94tz0AKXPaPfqOtAQ==

engine.io-client@~4.1.0:
  version "4.1.4"
  resolved "https://registry.yarnpkg.com/engine.io-client/-/engine.io-client-4.1.4.tgz#0bda5ba4bd87bced2ad00b93c67e133d0fb981ba"
  integrity sha512-843fqAdKeUMFqKi1sSjnR11tJ4wi8sIefu6+JC1OzkkJBmjtc/gM/rZ53tJfu5Iae/3gApm5veoS+v+gtT0+Fg==
  dependencies:
    base64-arraybuffer "0.1.4"
    component-emitter "~1.3.0"
    debug "~4.3.1"
    engine.io-parser "~4.0.1"
    has-cors "1.1.0"
    parseqs "0.0.6"
    parseuri "0.0.6"
    ws "~7.4.2"
    xmlhttprequest-ssl "~1.6.2"
    yeast "0.1.2"

engine.io-parser@~4.0.1:
  version "4.0.3"
  resolved "https://registry.yarnpkg.com/engine.io-parser/-/engine.io-parser-4.0.3.tgz#83d3a17acfd4226f19e721bb22a1ee8f7662d2f6"
  integrity sha512-xEAAY0msNnESNPc00e19y5heTPX4y/TJ36gr8t1voOaNmTojP9b3oK3BbJLFufW2XFPQaaijpFewm2g2Um3uqA==
  dependencies:
    base64-arraybuffer "0.1.4"

has-cors@1.1.0:
  version "1.1.0"
  resolved "https://registry.yarnpkg.com/has-cors/-/has-cors-1.1.0.tgz#5e474793f7ea9843d1bb99c23eef49ff126fff39"
  integrity sha512-g5VNKdkFuUuVCP9gYfDJHjK2nqdQJ7aDLTnycnc2+RvsOQbuLdF5pm7vuE5J76SEBIQjs4kQY/BWq74JUmjbXA==

ms@2.1.2:
  version "2.1.2"
  resolved "https://registry.yarnpkg.com/ms/-/ms-2.1.2.tgz#d09d1f357b443f493382a8eb3ccd183872ae6009"
  integrity sha512-sGkPx+VjMtmA6MX27oA4FBFELFCZZ4S4XqeGOXCv68tT+jb3vk/RyaKWP0PTKyWtmLSM0b+adUTEvbs1PEaH2w==

nodesite.eu-core@^1.3.0, nodesite.eu-core@^1.3.1:
  version "1.3.1"
  resolved "https://registry.yarnpkg.com/nodesite.eu-core/-/nodesite.eu-core-1.3.1.tgz#fff33037e4d4416b419f58e3e11221e6267f7792"
  integrity sha512-ATEXEbweleyYQw3b4iFv2aCAtGT4D26Mdjd50ZU0Jjte1IoP4TARpyRlcL6bUqV/VMs8riGtH4AtqqscukFI7A==
  dependencies:
    "@lvksh/logger" "1.5.2"
    socket.io-client "^3.1.3"

nsblob@^0.2.12:
  version "0.2.17"
  resolved "https://registry.yarnpkg.com/nsblob/-/nsblob-0.2.17.tgz#d6933a6250b2863c900cb22900d7111681127d18"
  integrity sha512-9okM3ldBOrp45E84RkM+tGBS8B4wKCKNMCqNVx8PGPBiGBOJmHA1jdRoH+90Y2qJeUmsXkksk6KSCBSuCQTxsg==
  dependencies:
    blakets "^0.1.12"
    doge-config "^0.3.20"
    nodesite.eu-core "^1.3.1"
    serial-async-io "^0.3.2"
    socket.io-client "^3.1.3"

parseqs@0.0.6:
  version "0.0.6"
  resolved "https://registry.yarnpkg.com/parseqs/-/parseqs-0.0.6.tgz#8e4bb5a19d1cdc844a08ac974d34e273afa670d5"
  integrity sha512-jeAGzMDbfSHHA091hr0r31eYfTig+29g3GKKE/PPbEQ65X0lmMwlEoqmhzu0iztID5uJpZsFlUPDP8ThPL7M8w==

parseuri@0.0.6:
  version "0.0.6"
  resolved "https://registry.yarnpkg.com/parseuri/-/parseuri-0.0.6.tgz#e1496e829e3ac2ff47f39a4dd044b32823c4a25a"
  integrity sha512-AUjen8sAkGgao7UyCX6Ahv0gIK2fABKmYjvP4xmy5JaKvcbTRueIqIPHLAfq30xJddqSE033IOMUSOMCcK3Sow==

ps-std@^0.1.5:
  version "0.1.6"
  resolved "https://registry.yarnpkg.com/ps-std/-/ps-std-0.1.6.tgz#028f1a7fd4af2d685de54df3f1f94b7df7f9dd03"
  integrity sha512-363nSS/KXlvf92zDPo3BEJ5Ghwuzf/RQUpg4VkK/lsXol6Fxmt88qofiuhmvQfeAD1XYySeX13updBNwATRYRA==

serial-async-io@^0.3.2:
  version "0.3.2"
  resolved "https://registry.yarnpkg.com/serial-async-io/-/serial-async-io-0.3.2.tgz#0fbcfdbbdcd093caefd44f9cb0b68ea7d6167863"
  integrity sha512-Uk3xSDyiLTCAdPjzNWU5bHk6MqRj4cUi/MqD2lPSg9k/PfJpZzpA+yEgWEIWH3SiWtjUc1eDc4T/iNbBiZ0DNQ==

socket.io-client@^3.1.3:
  version "3.1.3"
  resolved "https://registry.yarnpkg.com/socket.io-client/-/socket.io-client-3.1.3.tgz#57ddcefea58cfab71f0e94c21124de8e3c5aa3e2"
  integrity sha512-4sIGOGOmCg3AOgGi7EEr6ZkTZRkrXwub70bBB/F0JSkMOUFpA77WsL87o34DffQQ31PkbMUIadGOk+3tx1KGbw==
  dependencies:
    "@types/component-emitter" "^1.2.10"
    backo2 "~1.0.2"
    component-emitter "~1.3.0"
    debug "~4.3.1"
    engine.io-client "~4.1.0"
    parseuri "0.0.6"
    socket.io-parser "~4.0.4"

socket.io-parser@~4.0.4:
  version "4.0.5"
  resolved "https://registry.yarnpkg.com/socket.io-parser/-/socket.io-parser-4.0.5.tgz#cb404382c32324cc962f27f3a44058cf6e0552df"
  integrity sha512-sNjbT9dX63nqUFIOv95tTVm6elyIU4RvB1m8dOeZt+IgWwcWklFDOdmGcfo3zSiRsnR/3pJkjY5lfoGqEe4Eig==
  dependencies:
    "@types/component-emitter" "^1.2.10"
    component-emitter "~1.3.0"
    debug "~4.3.1"

ws@~7.4.2:
  version "7.4.6"
  resolved "https://registry.yarnpkg.com/ws/-/ws-7.4.6.tgz#5654ca8ecdeee47c33a9a4bf6d28e2be2980377c"
  integrity sha512-YmhHDO4MzaDLB+M9ym/mDA5z0naX8j7SIlT8f8z+I0VtzsRbekxEutHSme7NPS2qE8StCYQNUnfWdXta/Yu85A==

xmlhttprequest-ssl@~1.6.2:
  version "1.6.3"
  resolved "https://registry.yarnpkg.com/xmlhttprequest-ssl/-/xmlhttprequest-ssl-1.6.3.tgz#03b713873b01659dfa2c1c5d056065b27ddc2de6"
  integrity sha512-3XfeQE/wNkvrIktn2Kf0869fC0BN6UpydVasGIeSm2B1Llihf7/0UfZM+eCkOw3P7bP4+qPgqhm7ZoxuJtFU0Q==

yeast@0.1.2:
  version "0.1.2"
  resolved "https://registry.yarnpkg.com/yeast/-/yeast-0.1.2.tgz#008e06d8094320c372dbc2f8ed76a0ca6c8ac419"
  integrity sha512-8HFIh676uyGYP6wP13R/j6OJ/1HwJ46snpvzE7aHAN3Ryqh2yX6Xox2B4CUmTwwOIzlG3Bs7ocsP5dZH/R1Qbg==
